
Microsoft Visual Studio Solution File, Format Version 12.00
# Visual Studio Version 17
VisualStudioVersion = 17.5.33414.496
MinimumVisualStudioVersion = 10.0.40219.1
Project("{FAE04EC0-301F-11D3-BF4B-00C04F79EFBC}") = "ConfigurationApp", "ConfigurationApp.csproj", "{46AA1771-ECE7-490A-A347-9BFEBC603A00}"
EndProject
Global
	GlobalSection(SolutionConfigurationPlatforms) = preSolution
		Debug|Any CPU = Debug|Any CPU
		Release|Any CPU = Release|Any CPU
	EndGlobalSection
	GlobalSection(ProjectConfigurationPlatforms) = postSolution
		{46AA1771-ECE7-490A-A347-9BFEBC603A00}.Debug|Any CPU.ActiveCfg = Debug|Any CPU
		{46AA1771-ECE7-490A-A347-9BFEBC603A00}.Debug|Any CPU.Build.0 = Debug|Any CPU
		{46AA1771-ECE7-490A-A347-9BFEBC603A00}.Release|Any CPU.ActiveCfg = Release|Any CPU
		{46AA1771-ECE7-490A-A347-9BFEBC603A00}.Release|Any CPU.Build.0 = Release|Any CPU
	EndGlobalSection
	GlobalSection(SolutionProperties) = preSolution
		HideSolutionNode = FALSE
	EndGlobalSection
	GlobalSection(ExtensibilityGlobals) = postSolution
		SolutionGuid = {091E942D-76F7-459D-BF4A-872FFB362C3C}
	EndGlobalSection
EndGlobal
