
Microsoft Visual Studio Solution File, Format Version 12.00
# Visual Studio Version 17
VisualStudioVersion = 17.5.33414.496
MinimumVisualStudioVersion = 10.0.40219.1
Project("{FAE04EC0-301F-11D3-BF4B-00C04F79EFBC}") = "SingletonPatternAppV1", "SingletonPatternAppV1.csproj", "{45EEE1D2-669C-484A-8DD8-9A63577C9FA1}"
EndProject
Project("{FAE04EC0-301F-11D3-BF4B-00C04F79EFBC}") = "SingletonPatternAppV2", "..\SingletonPatternAppV2\SingletonPatternAppV2.csproj", "{57E952BE-CF2B-46A7-A315-C3AE7E1372BC}"
EndProject
Global
	GlobalSection(SolutionConfigurationPlatforms) = preSolution
		Debug|Any CPU = Debug|Any CPU
		Release|Any CPU = Release|Any CPU
	EndGlobalSection
	GlobalSection(ProjectConfigurationPlatforms) = postSolution
		{45EEE1D2-669C-484A-8DD8-9A63577C9FA1}.Debug|Any CPU.ActiveCfg = Debug|Any CPU
		{45EEE1D2-669C-484A-8DD8-9A63577C9FA1}.Debug|Any CPU.Build.0 = Debug|Any CPU
		{45EEE1D2-669C-484A-8DD8-9A63577C9FA1}.Release|Any CPU.ActiveCfg = Release|Any CPU
		{45EEE1D2-669C-484A-8DD8-9A63577C9FA1}.Release|Any CPU.Build.0 = Release|Any CPU
		{57E952BE-CF2B-46A7-A315-C3AE7E1372BC}.Debug|Any CPU.ActiveCfg = Debug|Any CPU
		{57E952BE-CF2B-46A7-A315-C3AE7E1372BC}.Debug|Any CPU.Build.0 = Debug|Any CPU
		{57E952BE-CF2B-46A7-A315-C3AE7E1372BC}.Release|Any CPU.ActiveCfg = Release|Any CPU
		{57E952BE-CF2B-46A7-A315-C3AE7E1372BC}.Release|Any CPU.Build.0 = Release|Any CPU
	EndGlobalSection
	GlobalSection(SolutionProperties) = preSolution
		HideSolutionNode = FALSE
	EndGlobalSection
	GlobalSection(ExtensibilityGlobals) = postSolution
		SolutionGuid = {052FBD08-4983-45C3-930F-ADE60FDF4458}
	EndGlobalSection
EndGlobal
