
Microsoft Visual Studio Solution File, Format Version 12.00
# Visual Studio Version 17
VisualStudioVersion = 17.5.33414.496
MinimumVisualStudioVersion = 10.0.40219.1
Project("{FAE04EC0-301F-11D3-BF4B-00C04F79EFBC}") = "AccountApp", "AccountApp.csproj", "{6A732E19-2FBF-4CC6-97A0-BF4D99DAA1A4}"
EndProject
Global
	GlobalSection(SolutionConfigurationPlatforms) = preSolution
		Debug|Any CPU = Debug|Any CPU
		Release|Any CPU = Release|Any CPU
	EndGlobalSection
	GlobalSection(ProjectConfigurationPlatforms) = postSolution
		{6A732E19-2FBF-4CC6-97A0-BF4D99DAA1A4}.Debug|Any CPU.ActiveCfg = Debug|Any CPU
		{6A732E19-2FBF-4CC6-97A0-BF4D99DAA1A4}.Debug|Any CPU.Build.0 = Debug|Any CPU
		{6A732E19-2FBF-4CC6-97A0-BF4D99DAA1A4}.Release|Any CPU.ActiveCfg = Release|Any CPU
		{6A732E19-2FBF-4CC6-97A0-BF4D99DAA1A4}.Release|Any CPU.Build.0 = Release|Any CPU
	EndGlobalSection
	GlobalSection(SolutionProperties) = preSolution
		HideSolutionNode = FALSE
	EndGlobalSection
	GlobalSection(ExtensibilityGlobals) = postSolution
		SolutionGuid = {4468EE16-09CB-4FFB-A9BE-6203719A18C8}
	EndGlobalSection
EndGlobal
