
Microsoft Visual Studio Solution File, Format Version 12.00
# Visual Studio Version 17
VisualStudioVersion = 17.4.33403.182
MinimumVisualStudioVersion = 10.0.40219.1
Project("{FAE04EC0-301F-11D3-BF4B-00C04F79EFBC}") = "RectangleConstructorApp", "RectangleConstructorApp.csproj", "{67EA5521-55E7-4ACE-8B02-F32E69045F51}"
EndProject
Global
	GlobalSection(SolutionConfigurationPlatforms) = preSolution
		Debug|Any CPU = Debug|Any CPU
		Release|Any CPU = Release|Any CPU
	EndGlobalSection
	GlobalSection(ProjectConfigurationPlatforms) = postSolution
		{67EA5521-55E7-4ACE-8B02-F32E69045F51}.Debug|Any CPU.ActiveCfg = Debug|Any CPU
		{67EA5521-55E7-4ACE-8B02-F32E69045F51}.Debug|Any CPU.Build.0 = Debug|Any CPU
		{67EA5521-55E7-4ACE-8B02-F32E69045F51}.Release|Any CPU.ActiveCfg = Release|Any CPU
		{67EA5521-55E7-4ACE-8B02-F32E69045F51}.Release|Any CPU.Build.0 = Release|Any CPU
	EndGlobalSection
	GlobalSection(SolutionProperties) = preSolution
		HideSolutionNode = FALSE
	EndGlobalSection
	GlobalSection(ExtensibilityGlobals) = postSolution
		SolutionGuid = {14CDCCD6-9B19-4929-A4A6-87E111E3E586}
	EndGlobalSection
EndGlobal
