
Microsoft Visual Studio Solution File, Format Version 12.00
# Visual Studio Version 17
VisualStudioVersion = 17.5.33414.496
MinimumVisualStudioVersion = 10.0.40219.1
Project("{FAE04EC0-301F-11D3-BF4B-00C04F79EFBC}") = "GuitarApp", "GuitarApp.csproj", "{87775105-46CB-49E0-A403-333FD0D3EA88}"
EndProject
Global
	GlobalSection(SolutionConfigurationPlatforms) = preSolution
		Debug|Any CPU = Debug|Any CPU
		Release|Any CPU = Release|Any CPU
	EndGlobalSection
	GlobalSection(ProjectConfigurationPlatforms) = postSolution
		{87775105-46CB-49E0-A403-333FD0D3EA88}.Debug|Any CPU.ActiveCfg = Debug|Any CPU
		{87775105-46CB-49E0-A403-333FD0D3EA88}.Debug|Any CPU.Build.0 = Debug|Any CPU
		{87775105-46CB-49E0-A403-333FD0D3EA88}.Release|Any CPU.ActiveCfg = Release|Any CPU
		{87775105-46CB-49E0-A403-333FD0D3EA88}.Release|Any CPU.Build.0 = Release|Any CPU
	EndGlobalSection
	GlobalSection(SolutionProperties) = preSolution
		HideSolutionNode = FALSE
	EndGlobalSection
	GlobalSection(ExtensibilityGlobals) = postSolution
		SolutionGuid = {218B88B3-2D3C-4A9E-B3D5-336A0F84186D}
	EndGlobalSection
EndGlobal
