
Microsoft Visual Studio Solution File, Format Version 12.00
# Visual Studio Version 17
VisualStudioVersion = 17.5.33414.496
MinimumVisualStudioVersion = 10.0.40219.1
Project("{FAE04EC0-301F-11D3-BF4B-00C04F79EFBC}") = "LibraryManagementSystemFacade", "LibraryManagementSystemFacade\LibraryManagementSystemFacade.csproj", "{907DCEFF-77DC-43C2-97E2-3A583D321AD0}"
EndProject
Global
	GlobalSection(SolutionConfigurationPlatforms) = preSolution
		Debug|Any CPU = Debug|Any CPU
		Release|Any CPU = Release|Any CPU
	EndGlobalSection
	GlobalSection(ProjectConfigurationPlatforms) = postSolution
		{907DCEFF-77DC-43C2-97E2-3A583D321AD0}.Debug|Any CPU.ActiveCfg = Debug|Any CPU
		{907DCEFF-77DC-43C2-97E2-3A583D321AD0}.Debug|Any CPU.Build.0 = Debug|Any CPU
		{907DCEFF-77DC-43C2-97E2-3A583D321AD0}.Release|Any CPU.ActiveCfg = Release|Any CPU
		{907DCEFF-77DC-43C2-97E2-3A583D321AD0}.Release|Any CPU.Build.0 = Release|Any CPU
	EndGlobalSection
	GlobalSection(SolutionProperties) = preSolution
		HideSolutionNode = FALSE
	EndGlobalSection
	GlobalSection(ExtensibilityGlobals) = postSolution
		SolutionGuid = {100A763C-3ED5-46C0-BE88-9785FE097854}
	EndGlobalSection
EndGlobal
