
Microsoft Visual Studio Solution File, Format Version 12.00
# Visual Studio Version 17
VisualStudioVersion = 17.5.33414.496
MinimumVisualStudioVersion = 10.0.40219.1
Project("{FAE04EC0-301F-11D3-BF4B-00C04F79EFBC}") = "GenericNodeApp", "GenericNodeApp.csproj", "{1CF19314-D251-4EBF-9BB2-5BCA5375B752}"
EndProject
Global
	GlobalSection(SolutionConfigurationPlatforms) = preSolution
		Debug|Any CPU = Debug|Any CPU
		Release|Any CPU = Release|Any CPU
	EndGlobalSection
	GlobalSection(ProjectConfigurationPlatforms) = postSolution
		{1CF19314-D251-4EBF-9BB2-5BCA5375B752}.Debug|Any CPU.ActiveCfg = Debug|Any CPU
		{1CF19314-D251-4EBF-9BB2-5BCA5375B752}.Debug|Any CPU.Build.0 = Debug|Any CPU
		{1CF19314-D251-4EBF-9BB2-5BCA5375B752}.Release|Any CPU.ActiveCfg = Release|Any CPU
		{1CF19314-D251-4EBF-9BB2-5BCA5375B752}.Release|Any CPU.Build.0 = Release|Any CPU
	EndGlobalSection
	GlobalSection(SolutionProperties) = preSolution
		HideSolutionNode = FALSE
	EndGlobalSection
	GlobalSection(ExtensibilityGlobals) = postSolution
		SolutionGuid = {19DEAD5B-D5CF-4178-ABF4-C067F730DF57}
	EndGlobalSection
EndGlobal
