
Microsoft Visual Studio Solution File, Format Version 12.00
# Visual Studio Version 17
VisualStudioVersion = 17.5.33414.496
MinimumVisualStudioVersion = 10.0.40219.1
Project("{FAE04EC0-301F-11D3-BF4B-00C04F79EFBC}") = "MovieStoreV3", "MovieStoreV3.csproj", "{39E94B2E-E10C-4BEB-B9E0-05D1843A129C}"
EndProject
Global
	GlobalSection(SolutionConfigurationPlatforms) = preSolution
		Debug|Any CPU = Debug|Any CPU
		Release|Any CPU = Release|Any CPU
	EndGlobalSection
	GlobalSection(ProjectConfigurationPlatforms) = postSolution
		{39E94B2E-E10C-4BEB-B9E0-05D1843A129C}.Debug|Any CPU.ActiveCfg = Debug|Any CPU
		{39E94B2E-E10C-4BEB-B9E0-05D1843A129C}.Debug|Any CPU.Build.0 = Debug|Any CPU
		{39E94B2E-E10C-4BEB-B9E0-05D1843A129C}.Release|Any CPU.ActiveCfg = Release|Any CPU
		{39E94B2E-E10C-4BEB-B9E0-05D1843A129C}.Release|Any CPU.Build.0 = Release|Any CPU
	EndGlobalSection
	GlobalSection(SolutionProperties) = preSolution
		HideSolutionNode = FALSE
	EndGlobalSection
	GlobalSection(ExtensibilityGlobals) = postSolution
		SolutionGuid = {34FC870C-34E1-4CE2-B7D7-F6EDB3EDA9FE}
	EndGlobalSection
EndGlobal
