
Microsoft Visual Studio Solution File, Format Version 12.00
# Visual Studio Version 17
VisualStudioVersion = 17.5.33414.496
MinimumVisualStudioVersion = 10.0.40219.1
Project("{FAE04EC0-301F-11D3-BF4B-00C04F79EFBC}") = "LSPBirdViolationApp", "LSPBirdViolationApp\LSPBirdViolationApp.csproj", "{DB1CF7C5-FDB5-4A65-B42C-2D2D26C895DE}"
EndProject
Project("{FAE04EC0-301F-11D3-BF4B-00C04F79EFBC}") = "LSPBirdsSolutionApp", "LSPBirdsSolutionApp\LSPBirdsSolutionApp.csproj", "{0FA6A502-3888-45DD-AB66-20D0798B03FD}"
EndProject
Global
	GlobalSection(SolutionConfigurationPlatforms) = preSolution
		Debug|Any CPU = Debug|Any CPU
		Release|Any CPU = Release|Any CPU
	EndGlobalSection
	GlobalSection(ProjectConfigurationPlatforms) = postSolution
		{DB1CF7C5-FDB5-4A65-B42C-2D2D26C895DE}.Debug|Any CPU.ActiveCfg = Debug|Any CPU
		{DB1CF7C5-FDB5-4A65-B42C-2D2D26C895DE}.Debug|Any CPU.Build.0 = Debug|Any CPU
		{DB1CF7C5-FDB5-4A65-B42C-2D2D26C895DE}.Release|Any CPU.ActiveCfg = Release|Any CPU
		{DB1CF7C5-FDB5-4A65-B42C-2D2D26C895DE}.Release|Any CPU.Build.0 = Release|Any CPU
		{0FA6A502-3888-45DD-AB66-20D0798B03FD}.Debug|Any CPU.ActiveCfg = Debug|Any CPU
		{0FA6A502-3888-45DD-AB66-20D0798B03FD}.Debug|Any CPU.Build.0 = Debug|Any CPU
		{0FA6A502-3888-45DD-AB66-20D0798B03FD}.Release|Any CPU.ActiveCfg = Release|Any CPU
		{0FA6A502-3888-45DD-AB66-20D0798B03FD}.Release|Any CPU.Build.0 = Release|Any CPU
	EndGlobalSection
	GlobalSection(SolutionProperties) = preSolution
		HideSolutionNode = FALSE
	EndGlobalSection
	GlobalSection(ExtensibilityGlobals) = postSolution
		SolutionGuid = {2B896307-3B1B-4218-8AB6-8ECBF2D60289}
	EndGlobalSection
EndGlobal
