
Microsoft Visual Studio Solution File, Format Version 12.00
# Visual Studio Version 17
VisualStudioVersion = 17.5.33414.496
MinimumVisualStudioVersion = 10.0.40219.1
Project("{FAE04EC0-301F-11D3-BF4B-00C04F79EFBC}") = "GuitarOOAD", "GuitarOOAD.csproj", "{0631B7F6-3655-43D4-993F-844F997F9AA9}"
EndProject
Global
	GlobalSection(SolutionConfigurationPlatforms) = preSolution
		Debug|Any CPU = Debug|Any CPU
		Release|Any CPU = Release|Any CPU
	EndGlobalSection
	GlobalSection(ProjectConfigurationPlatforms) = postSolution
		{0631B7F6-3655-43D4-993F-844F997F9AA9}.Debug|Any CPU.ActiveCfg = Debug|Any CPU
		{0631B7F6-3655-43D4-993F-844F997F9AA9}.Debug|Any CPU.Build.0 = Debug|Any CPU
		{0631B7F6-3655-43D4-993F-844F997F9AA9}.Release|Any CPU.ActiveCfg = Release|Any CPU
		{0631B7F6-3655-43D4-993F-844F997F9AA9}.Release|Any CPU.Build.0 = Release|Any CPU
	EndGlobalSection
	GlobalSection(SolutionProperties) = preSolution
		HideSolutionNode = FALSE
	EndGlobalSection
	GlobalSection(ExtensibilityGlobals) = postSolution
		SolutionGuid = {25A0DE80-10F8-4B80-AC18-10559AB50632}
	EndGlobalSection
EndGlobal
