
Microsoft Visual Studio Solution File, Format Version 12.00
# Visual Studio Version 17
VisualStudioVersion = 17.5.33414.496
MinimumVisualStudioVersion = 10.0.40219.1
Project("{FAE04EC0-301F-11D3-BF4B-00C04F79EFBC}") = "ShoppingCartDynamicArray", "ShoppingCartDynamicArray\ShoppingCartDynamicArray.csproj", "{3CDC2321-7C4B-4F18-A80E-FF0B0748FF93}"
EndProject
Global
	GlobalSection(SolutionConfigurationPlatforms) = preSolution
		Debug|Any CPU = Debug|Any CPU
		Release|Any CPU = Release|Any CPU
	EndGlobalSection
	GlobalSection(ProjectConfigurationPlatforms) = postSolution
		{3CDC2321-7C4B-4F18-A80E-FF0B0748FF93}.Debug|Any CPU.ActiveCfg = Debug|Any CPU
		{3CDC2321-7C4B-4F18-A80E-FF0B0748FF93}.Debug|Any CPU.Build.0 = Debug|Any CPU
		{3CDC2321-7C4B-4F18-A80E-FF0B0748FF93}.Release|Any CPU.ActiveCfg = Release|Any CPU
		{3CDC2321-7C4B-4F18-A80E-FF0B0748FF93}.Release|Any CPU.Build.0 = Release|Any CPU
	EndGlobalSection
	GlobalSection(SolutionProperties) = preSolution
		HideSolutionNode = FALSE
	EndGlobalSection
	GlobalSection(ExtensibilityGlobals) = postSolution
		SolutionGuid = {7E5319DC-3300-441D-88A3-20F258885406}
	EndGlobalSection
EndGlobal
