
Microsoft Visual Studio Solution File, Format Version 12.00
# Visual Studio Version 17
VisualStudioVersion = 17.5.33414.496
MinimumVisualStudioVersion = 10.0.40219.1
Project("{FAE04EC0-301F-11D3-BF4B-00C04F79EFBC}") = "AutoFactoryCoreLib", "AutoFactoryCoreLib\AutoFactoryCoreLib.csproj", "{8F69CC4D-B055-44A9-82D1-F73307623D70}"
EndProject
Project("{FAE04EC0-301F-11D3-BF4B-00C04F79EFBC}") = "ApplicationLayerApp", "ApplicationLayerApp\ApplicationLayerApp.csproj", "{BB2395DE-836C-4EC4-8623-E31E00F6439E}"
EndProject
Global
	GlobalSection(SolutionConfigurationPlatforms) = preSolution
		Debug|Any CPU = Debug|Any CPU
		Release|Any CPU = Release|Any CPU
	EndGlobalSection
	GlobalSection(ProjectConfigurationPlatforms) = postSolution
		{8F69CC4D-B055-44A9-82D1-F73307623D70}.Debug|Any CPU.ActiveCfg = Debug|Any CPU
		{8F69CC4D-B055-44A9-82D1-F73307623D70}.Debug|Any CPU.Build.0 = Debug|Any CPU
		{8F69CC4D-B055-44A9-82D1-F73307623D70}.Release|Any CPU.ActiveCfg = Release|Any CPU
		{8F69CC4D-B055-44A9-82D1-F73307623D70}.Release|Any CPU.Build.0 = Release|Any CPU
		{BB2395DE-836C-4EC4-8623-E31E00F6439E}.Debug|Any CPU.ActiveCfg = Debug|Any CPU
		{BB2395DE-836C-4EC4-8623-E31E00F6439E}.Debug|Any CPU.Build.0 = Debug|Any CPU
		{BB2395DE-836C-4EC4-8623-E31E00F6439E}.Release|Any CPU.ActiveCfg = Release|Any CPU
		{BB2395DE-836C-4EC4-8623-E31E00F6439E}.Release|Any CPU.Build.0 = Release|Any CPU
	EndGlobalSection
	GlobalSection(SolutionProperties) = preSolution
		HideSolutionNode = FALSE
	EndGlobalSection
	GlobalSection(ExtensibilityGlobals) = postSolution
		SolutionGuid = {8794DE51-5406-463C-B4BE-29FBAAD00D28}
	EndGlobalSection
EndGlobal
