
Microsoft Visual Studio Solution File, Format Version 12.00
# Visual Studio Version 17
VisualStudioVersion = 17.5.33627.172
MinimumVisualStudioVersion = 10.0.40219.1
Project("{FAE04EC0-301F-11D3-BF4B-00C04F79EFBC}") = "AccountDALLib", "AccountDALLib\AccountDALLib.csproj", "{791F690C-8288-46DF-8D16-7964C2B67001}"
EndProject
Project("{FAE04EC0-301F-11D3-BF4B-00C04F79EFBC}") = "BankConsoleApp", "BankConsoleApp\BankConsoleApp.csproj", "{80BB9222-2A42-4682-B75E-8F5C84C0D2E4}"
EndProject
Project("{FAE04EC0-301F-11D3-BF4B-00C04F79EFBC}") = "WebApplication1", "WebApplication1\WebApplication1.csproj", "{0FC10089-AA5E-4F63-A8C1-4A4EE4B989BE}"
EndProject
Global
	GlobalSection(SolutionConfigurationPlatforms) = preSolution
		Debug|Any CPU = Debug|Any CPU
		Release|Any CPU = Release|Any CPU
	EndGlobalSection
	GlobalSection(ProjectConfigurationPlatforms) = postSolution
		{791F690C-8288-46DF-8D16-7964C2B67001}.Debug|Any CPU.ActiveCfg = Debug|Any CPU
		{791F690C-8288-46DF-8D16-7964C2B67001}.Debug|Any CPU.Build.0 = Debug|Any CPU
		{791F690C-8288-46DF-8D16-7964C2B67001}.Release|Any CPU.ActiveCfg = Release|Any CPU
		{791F690C-8288-46DF-8D16-7964C2B67001}.Release|Any CPU.Build.0 = Release|Any CPU
		{80BB9222-2A42-4682-B75E-8F5C84C0D2E4}.Debug|Any CPU.ActiveCfg = Debug|Any CPU
		{80BB9222-2A42-4682-B75E-8F5C84C0D2E4}.Debug|Any CPU.Build.0 = Debug|Any CPU
		{80BB9222-2A42-4682-B75E-8F5C84C0D2E4}.Release|Any CPU.ActiveCfg = Release|Any CPU
		{80BB9222-2A42-4682-B75E-8F5C84C0D2E4}.Release|Any CPU.Build.0 = Release|Any CPU
		{0FC10089-AA5E-4F63-A8C1-4A4EE4B989BE}.Debug|Any CPU.ActiveCfg = Debug|Any CPU
		{0FC10089-AA5E-4F63-A8C1-4A4EE4B989BE}.Debug|Any CPU.Build.0 = Debug|Any CPU
		{0FC10089-AA5E-4F63-A8C1-4A4EE4B989BE}.Release|Any CPU.ActiveCfg = Release|Any CPU
		{0FC10089-AA5E-4F63-A8C1-4A4EE4B989BE}.Release|Any CPU.Build.0 = Release|Any CPU
	EndGlobalSection
	GlobalSection(SolutionProperties) = preSolution
		HideSolutionNode = FALSE
	EndGlobalSection
	GlobalSection(ExtensibilityGlobals) = postSolution
		SolutionGuid = {353F1B7D-C7FB-469C-AF13-9F9B2057C4A4}
	EndGlobalSection
EndGlobal
