
Microsoft Visual Studio Solution File, Format Version 12.00
# Visual Studio Version 17
VisualStudioVersion = 17.5.33627.172
MinimumVisualStudioVersion = 10.0.40219.1
Project("{FAE04EC0-301F-11D3-BF4B-00C04F79EFBC}") = "SimpleMVCApp", "SimpleMVCApp\SimpleMVCApp.csproj", "{FE5E11C8-2438-488D-96E9-7B59553E5FF1}"
EndProject
Global
	GlobalSection(SolutionConfigurationPlatforms) = preSolution
		Debug|Any CPU = Debug|Any CPU
		Release|Any CPU = Release|Any CPU
	EndGlobalSection
	GlobalSection(ProjectConfigurationPlatforms) = postSolution
		{FE5E11C8-2438-488D-96E9-7B59553E5FF1}.Debug|Any CPU.ActiveCfg = Debug|Any CPU
		{FE5E11C8-2438-488D-96E9-7B59553E5FF1}.Debug|Any CPU.Build.0 = Debug|Any CPU
		{FE5E11C8-2438-488D-96E9-7B59553E5FF1}.Release|Any CPU.ActiveCfg = Release|Any CPU
		{FE5E11C8-2438-488D-96E9-7B59553E5FF1}.Release|Any CPU.Build.0 = Release|Any CPU
	EndGlobalSection
	GlobalSection(SolutionProperties) = preSolution
		HideSolutionNode = FALSE
	EndGlobalSection
	GlobalSection(ExtensibilityGlobals) = postSolution
		SolutionGuid = {6E196A70-3022-42FB-9B64-D517546BDABA}
	EndGlobalSection
EndGlobal
