
Microsoft Visual Studio Solution File, Format Version 12.00
# Visual Studio Version 17
VisualStudioVersion = 17.5.33414.496
MinimumVisualStudioVersion = 10.0.40219.1
Project("{FAE04EC0-301F-11D3-BF4B-00C04F79EFBC}") = "MovableInterfaceApp", "MovableInterfaceApp.csproj", "{4ECB10FB-133B-4A39-9088-DE515ED5557C}"
EndProject
Global
	GlobalSection(SolutionConfigurationPlatforms) = preSolution
		Debug|Any CPU = Debug|Any CPU
		Release|Any CPU = Release|Any CPU
	EndGlobalSection
	GlobalSection(ProjectConfigurationPlatforms) = postSolution
		{4ECB10FB-133B-4A39-9088-DE515ED5557C}.Debug|Any CPU.ActiveCfg = Debug|Any CPU
		{4ECB10FB-133B-4A39-9088-DE515ED5557C}.Debug|Any CPU.Build.0 = Debug|Any CPU
		{4ECB10FB-133B-4A39-9088-DE515ED5557C}.Release|Any CPU.ActiveCfg = Release|Any CPU
		{4ECB10FB-133B-4A39-9088-DE515ED5557C}.Release|Any CPU.Build.0 = Release|Any CPU
	EndGlobalSection
	GlobalSection(SolutionProperties) = preSolution
		HideSolutionNode = FALSE
	EndGlobalSection
	GlobalSection(ExtensibilityGlobals) = postSolution
		SolutionGuid = {59DCA127-98B2-4045-BFB2-0C2C2BD51C2C}
	EndGlobalSection
EndGlobal
