
Microsoft Visual Studio Solution File, Format Version 12.00
# Visual Studio Version 17
VisualStudioVersion = 17.4.33403.182
MinimumVisualStudioVersion = 10.0.40219.1
Project("{FAE04EC0-301F-11D3-BF4B-00C04F79EFBC}") = "PassingValuesApp", "PassingValuesApp.csproj", "{9219B8CE-A752-46D0-B02B-C47D6EBAD0C1}"
EndProject
Global
	GlobalSection(SolutionConfigurationPlatforms) = preSolution
		Debug|Any CPU = Debug|Any CPU
		Release|Any CPU = Release|Any CPU
	EndGlobalSection
	GlobalSection(ProjectConfigurationPlatforms) = postSolution
		{9219B8CE-A752-46D0-B02B-C47D6EBAD0C1}.Debug|Any CPU.ActiveCfg = Debug|Any CPU
		{9219B8CE-A752-46D0-B02B-C47D6EBAD0C1}.Debug|Any CPU.Build.0 = Debug|Any CPU
		{9219B8CE-A752-46D0-B02B-C47D6EBAD0C1}.Release|Any CPU.ActiveCfg = Release|Any CPU
		{9219B8CE-A752-46D0-B02B-C47D6EBAD0C1}.Release|Any CPU.Build.0 = Release|Any CPU
	EndGlobalSection
	GlobalSection(SolutionProperties) = preSolution
		HideSolutionNode = FALSE
	EndGlobalSection
	GlobalSection(ExtensibilityGlobals) = postSolution
		SolutionGuid = {E6AE5778-0FDD-4FB1-9E5A-EDE79A778B65}
	EndGlobalSection
EndGlobal
