
Microsoft Visual Studio Solution File, Format Version 12.00
# Visual Studio Version 17
VisualStudioVersion = 17.5.33414.496
MinimumVisualStudioVersion = 10.0.40219.1
Project("{FAE04EC0-301F-11D3-BF4B-00C04F79EFBC}") = "AccountUnitTestApp", "AccountUnitTestApp.csproj", "{A97194DB-8E4B-4957-83A3-CA375450DDEB}"
EndProject
Global
	GlobalSection(SolutionConfigurationPlatforms) = preSolution
		Debug|Any CPU = Debug|Any CPU
		Release|Any CPU = Release|Any CPU
	EndGlobalSection
	GlobalSection(ProjectConfigurationPlatforms) = postSolution
		{A97194DB-8E4B-4957-83A3-CA375450DDEB}.Debug|Any CPU.ActiveCfg = Debug|Any CPU
		{A97194DB-8E4B-4957-83A3-CA375450DDEB}.Debug|Any CPU.Build.0 = Debug|Any CPU
		{A97194DB-8E4B-4957-83A3-CA375450DDEB}.Release|Any CPU.ActiveCfg = Release|Any CPU
		{A97194DB-8E4B-4957-83A3-CA375450DDEB}.Release|Any CPU.Build.0 = Release|Any CPU
	EndGlobalSection
	GlobalSection(SolutionProperties) = preSolution
		HideSolutionNode = FALSE
	EndGlobalSection
	GlobalSection(ExtensibilityGlobals) = postSolution
		SolutionGuid = {26593D96-FAFD-4FD3-B3F9-21EAD88253D5}
	EndGlobalSection
EndGlobal
