
Microsoft Visual Studio Solution File, Format Version 12.00
# Visual Studio Version 17
VisualStudioVersion = 17.5.33627.172
MinimumVisualStudioVersion = 10.0.40219.1
Project("{FAE04EC0-301F-11D3-BF4B-00C04F79EFBC}") = "LoginMVCApp", "LoginMVCApp\LoginMVCApp.csproj", "{7712B388-81BA-45A7-811E-480C80BEC0F4}"
EndProject
Global
	GlobalSection(SolutionConfigurationPlatforms) = preSolution
		Debug|Any CPU = Debug|Any CPU
		Release|Any CPU = Release|Any CPU
	EndGlobalSection
	GlobalSection(ProjectConfigurationPlatforms) = postSolution
		{7712B388-81BA-45A7-811E-480C80BEC0F4}.Debug|Any CPU.ActiveCfg = Debug|Any CPU
		{7712B388-81BA-45A7-811E-480C80BEC0F4}.Debug|Any CPU.Build.0 = Debug|Any CPU
		{7712B388-81BA-45A7-811E-480C80BEC0F4}.Release|Any CPU.ActiveCfg = Release|Any CPU
		{7712B388-81BA-45A7-811E-480C80BEC0F4}.Release|Any CPU.Build.0 = Release|Any CPU
	EndGlobalSection
	GlobalSection(SolutionProperties) = preSolution
		HideSolutionNode = FALSE
	EndGlobalSection
	GlobalSection(ExtensibilityGlobals) = postSolution
		SolutionGuid = {88EA0B55-6454-42D9-B6E7-5BF4AC651549}
	EndGlobalSection
EndGlobal
