
Microsoft Visual Studio Solution File, Format Version 12.00
# Visual Studio Version 17
VisualStudioVersion = 17.5.33414.496
MinimumVisualStudioVersion = 10.0.40219.1
Project("{FAE04EC0-301F-11D3-BF4B-00C04F79EFBC}") = "AccountClassLibrary", "AccountClassLibrary.csproj", "{6B36A79C-CF46-4024-9858-C8CC1DED3C96}"
EndProject
Global
	GlobalSection(SolutionConfigurationPlatforms) = preSolution
		Debug|Any CPU = Debug|Any CPU
		Release|Any CPU = Release|Any CPU
	EndGlobalSection
	GlobalSection(ProjectConfigurationPlatforms) = postSolution
		{6B36A79C-CF46-4024-9858-C8CC1DED3C96}.Debug|Any CPU.ActiveCfg = Debug|Any CPU
		{6B36A79C-CF46-4024-9858-C8CC1DED3C96}.Debug|Any CPU.Build.0 = Debug|Any CPU
		{6B36A79C-CF46-4024-9858-C8CC1DED3C96}.Release|Any CPU.ActiveCfg = Release|Any CPU
		{6B36A79C-CF46-4024-9858-C8CC1DED3C96}.Release|Any CPU.Build.0 = Release|Any CPU
	EndGlobalSection
	GlobalSection(SolutionProperties) = preSolution
		HideSolutionNode = FALSE
	EndGlobalSection
	GlobalSection(ExtensibilityGlobals) = postSolution
		SolutionGuid = {17CE2688-43F3-4A14-BA26-EE4A6635100D}
	EndGlobalSection
EndGlobal
