
Microsoft Visual Studio Solution File, Format Version 12.00
# Visual Studio Version 17
VisualStudioVersion = 17.5.33414.496
MinimumVisualStudioVersion = 10.0.40219.1
Project("{FAE04EC0-301F-11D3-BF4B-00C04F79EFBC}") = "AccountPolymorphism", "AccountPolymorphism.csproj", "{6EAFE128-0355-431A-83B2-D8A5365A46BF}"
EndProject
Global
	GlobalSection(SolutionConfigurationPlatforms) = preSolution
		Debug|Any CPU = Debug|Any CPU
		Release|Any CPU = Release|Any CPU
	EndGlobalSection
	GlobalSection(ProjectConfigurationPlatforms) = postSolution
		{6EAFE128-0355-431A-83B2-D8A5365A46BF}.Debug|Any CPU.ActiveCfg = Debug|Any CPU
		{6EAFE128-0355-431A-83B2-D8A5365A46BF}.Debug|Any CPU.Build.0 = Debug|Any CPU
		{6EAFE128-0355-431A-83B2-D8A5365A46BF}.Release|Any CPU.ActiveCfg = Release|Any CPU
		{6EAFE128-0355-431A-83B2-D8A5365A46BF}.Release|Any CPU.Build.0 = Release|Any CPU
	EndGlobalSection
	GlobalSection(SolutionProperties) = preSolution
		HideSolutionNode = FALSE
	EndGlobalSection
	GlobalSection(ExtensibilityGlobals) = postSolution
		SolutionGuid = {B8A56C18-D5D8-4A61-ABBE-73D5ACF68C2E}
	EndGlobalSection
EndGlobal
