
Microsoft Visual Studio Solution File, Format Version 12.00
# Visual Studio Version 17
VisualStudioVersion = 17.0.31903.59
MinimumVisualStudioVersion = 10.0.40219.1
Project("{FAE04EC0-301F-11D3-BF4B-00C04F79EFBC}") = "StringLibrary", "StringLibrary\StringLibrary.csproj", "{19FEBA0C-87AE-492A-BD03-F721E89B748D}"
EndProject
Project("{FAE04EC0-301F-11D3-BF4B-00C04F79EFBC}") = "classLib", "classLib\classLib.csproj", "{0264A29F-3B62-4D9F-87B4-A8B3438D16D4}"
EndProject
Global
	GlobalSection(SolutionConfigurationPlatforms) = preSolution
		Debug|Any CPU = Debug|Any CPU
		Release|Any CPU = Release|Any CPU
	EndGlobalSection
	GlobalSection(SolutionProperties) = preSolution
		HideSolutionNode = FALSE
	EndGlobalSection
	GlobalSection(ProjectConfigurationPlatforms) = postSolution
		{19FEBA0C-87AE-492A-BD03-F721E89B748D}.Debug|Any CPU.ActiveCfg = Debug|Any CPU
		{19FEBA0C-87AE-492A-BD03-F721E89B748D}.Debug|Any CPU.Build.0 = Debug|Any CPU
		{19FEBA0C-87AE-492A-BD03-F721E89B748D}.Release|Any CPU.ActiveCfg = Release|Any CPU
		{19FEBA0C-87AE-492A-BD03-F721E89B748D}.Release|Any CPU.Build.0 = Release|Any CPU
		{0264A29F-3B62-4D9F-87B4-A8B3438D16D4}.Debug|Any CPU.ActiveCfg = Debug|Any CPU
		{0264A29F-3B62-4D9F-87B4-A8B3438D16D4}.Debug|Any CPU.Build.0 = Debug|Any CPU
		{0264A29F-3B62-4D9F-87B4-A8B3438D16D4}.Release|Any CPU.ActiveCfg = Release|Any CPU
		{0264A29F-3B62-4D9F-87B4-A8B3438D16D4}.Release|Any CPU.Build.0 = Release|Any CPU
	EndGlobalSection
EndGlobal
