
Microsoft Visual Studio Solution File, Format Version 12.00
# Visual Studio Version 17
VisualStudioVersion = 17.5.33414.496
MinimumVisualStudioVersion = 10.0.40219.1
Project("{FAE04EC0-301F-11D3-BF4B-00C04F79EFBC}") = "OCPViolationApp", "OCPViolationApp\OCPViolationApp.csproj", "{8D851A49-E502-4DE8-AA78-66969F787C4D}"
EndProject
Global
	GlobalSection(SolutionConfigurationPlatforms) = preSolution
		Debug|Any CPU = Debug|Any CPU
		Release|Any CPU = Release|Any CPU
	EndGlobalSection
	GlobalSection(ProjectConfigurationPlatforms) = postSolution
		{8D851A49-E502-4DE8-AA78-66969F787C4D}.Debug|Any CPU.ActiveCfg = Debug|Any CPU
		{8D851A49-E502-4DE8-AA78-66969F787C4D}.Debug|Any CPU.Build.0 = Debug|Any CPU
		{8D851A49-E502-4DE8-AA78-66969F787C4D}.Release|Any CPU.ActiveCfg = Release|Any CPU
		{8D851A49-E502-4DE8-AA78-66969F787C4D}.Release|Any CPU.Build.0 = Release|Any CPU
	EndGlobalSection
	GlobalSection(SolutionProperties) = preSolution
		HideSolutionNode = FALSE
	EndGlobalSection
	GlobalSection(ExtensibilityGlobals) = postSolution
		SolutionGuid = {85D21299-B661-42B7-B077-1D22586ED571}
	EndGlobalSection
EndGlobal
