
Microsoft Visual Studio Solution File, Format Version 12.00
# Visual Studio Version 17
VisualStudioVersion = 17.5.33627.172
MinimumVisualStudioVersion = 10.0.40219.1
Project("{FAE04EC0-301F-11D3-BF4B-00C04F79EFBC}") = "EmployeeCRUD", "EmployeeCRUD\EmployeeCRUD.csproj", "{4A1ACE6C-3B24-4FCC-BAC2-798608037313}"
EndProject
Project("{FAE04EC0-301F-11D3-BF4B-00C04F79EFBC}") = "EmployeeMVCcoreCRUD", "EmployeeMVCcoreCRUD\EmployeeMVCcoreCRUD.csproj", "{6EF9EC83-008A-4B6F-A5D5-9734772D108A}"
EndProject
Global
	GlobalSection(SolutionConfigurationPlatforms) = preSolution
		Debug|Any CPU = Debug|Any CPU
		Release|Any CPU = Release|Any CPU
	EndGlobalSection
	GlobalSection(ProjectConfigurationPlatforms) = postSolution
		{4A1ACE6C-3B24-4FCC-BAC2-798608037313}.Debug|Any CPU.ActiveCfg = Debug|Any CPU
		{4A1ACE6C-3B24-4FCC-BAC2-798608037313}.Debug|Any CPU.Build.0 = Debug|Any CPU
		{4A1ACE6C-3B24-4FCC-BAC2-798608037313}.Release|Any CPU.ActiveCfg = Release|Any CPU
		{4A1ACE6C-3B24-4FCC-BAC2-798608037313}.Release|Any CPU.Build.0 = Release|Any CPU
		{6EF9EC83-008A-4B6F-A5D5-9734772D108A}.Debug|Any CPU.ActiveCfg = Debug|Any CPU
		{6EF9EC83-008A-4B6F-A5D5-9734772D108A}.Debug|Any CPU.Build.0 = Debug|Any CPU
		{6EF9EC83-008A-4B6F-A5D5-9734772D108A}.Release|Any CPU.ActiveCfg = Release|Any CPU
		{6EF9EC83-008A-4B6F-A5D5-9734772D108A}.Release|Any CPU.Build.0 = Release|Any CPU
	EndGlobalSection
	GlobalSection(SolutionProperties) = preSolution
		HideSolutionNode = FALSE
	EndGlobalSection
	GlobalSection(ExtensibilityGlobals) = postSolution
		SolutionGuid = {3BF8B502-03A5-40AF-AB24-FA771DDCCF3C}
	EndGlobalSection
EndGlobal
