
Microsoft Visual Studio Solution File, Format Version 12.00
# Visual Studio Version 17
VisualStudioVersion = 17.5.33414.496
MinimumVisualStudioVersion = 10.0.40219.1
Project("{FAE04EC0-301F-11D3-BF4B-00C04F79EFBC}") = "FileDirectoryInfoApp", "FileDirectoryInfoApp.csproj", "{98869FB8-6F4B-420D-8FCC-E30E13DCEC59}"
EndProject
Global
	GlobalSection(SolutionConfigurationPlatforms) = preSolution
		Debug|Any CPU = Debug|Any CPU
		Release|Any CPU = Release|Any CPU
	EndGlobalSection
	GlobalSection(ProjectConfigurationPlatforms) = postSolution
		{98869FB8-6F4B-420D-8FCC-E30E13DCEC59}.Debug|Any CPU.ActiveCfg = Debug|Any CPU
		{98869FB8-6F4B-420D-8FCC-E30E13DCEC59}.Debug|Any CPU.Build.0 = Debug|Any CPU
		{98869FB8-6F4B-420D-8FCC-E30E13DCEC59}.Release|Any CPU.ActiveCfg = Release|Any CPU
		{98869FB8-6F4B-420D-8FCC-E30E13DCEC59}.Release|Any CPU.Build.0 = Release|Any CPU
	EndGlobalSection
	GlobalSection(SolutionProperties) = preSolution
		HideSolutionNode = FALSE
	EndGlobalSection
	GlobalSection(ExtensibilityGlobals) = postSolution
		SolutionGuid = {539FA623-5E58-4BAA-B323-2EA76E47BA53}
	EndGlobalSection
EndGlobal
